
Microsoft Visual Studio Solution File, Format Version 12.00
# Visual Studio Version 17
VisualStudioVersion = 17.5.002.0
MinimumVisualStudioVersion = 10.0.40219.1
Project("{2150E333-8FDC-42A3-9474-1A3956D46DE8}") = "Exercise Files", "Exercise Files", "{D5B7E58D-12C3-4113-8E78-1F552012B1BB}"
EndProject
Project("{2150E333-8FDC-42A3-9474-1A3956D46DE8}") = "Finished", "Finished", "{016FC6CF-A31F-4A06-8C5B-12717C0909D8}"
EndProject
Project("{2150E333-8FDC-42A3-9474-1A3956D46DE8}") = "Strings", "Strings", "{835E7953-3119-41D4-A9BF-7981DC50E33B}"
EndProject
Project("{9A19103F-16F7-4668-BE54-9A1E7A4F7556}") = "Manipulation", "Exercise Files\Finished\Strings\Manipulation\Manipulation.csproj", "{9F2AA267-AA2A-491A-BB4B-9BE2212F8CA1}"
EndProject
Project("{9A19103F-16F7-4668-BE54-9A1E7A4F7556}") = "Searching", "Exercise Files\Finished\Strings\Searching\Searching.csproj", "{41E3F82D-3B93-4051-ADAE-253AF1A689C1}"
EndProject
Project("{9A19103F-16F7-4668-BE54-9A1E7A4F7556}") = "Formatting", "Exercise Files\Finished\Strings\Formatting\Formatting.csproj", "{A11CF685-7D65-42F9-9774-90A4AA3B2AD4}"
EndProject
Project("{9A19103F-16F7-4668-BE54-9A1E7A4F7556}") = "Interpolation", "Exercise Files\Finished\Strings\Interpolation\Interpolation.csproj", "{D88F0E23-31A9-466C-8CE1-B3E4C588C2DA}"
EndProject
Project("{2150E333-8FDC-42A3-9474-1A3956D46DE8}") = "Regex", "Regex", "{C6A4A0E3-655B-4095-B34E-F5E2D5D7FE49}"
EndProject
Project("{9A19103F-16F7-4668-BE54-9A1E7A4F7556}") = "Finding", "Exercise Files\Finished\Regex\Finding\Finding.csproj", "{71B2A96A-4123-45DB-B467-A15A8D949066}"
EndProject
Project("{9A19103F-16F7-4668-BE54-9A1E7A4F7556}") = "RegexTimeouts", "Exercise Files\Finished\Regex\Timeouts\RegexTimeouts.csproj", "{EAD987E0-3BCB-4E53-9FA5-2FE4A5DB7FB4}"
EndProject
Project("{9A19103F-16F7-4668-BE54-9A1E7A4F7556}") = "Replacing", "Exercise Files\Finished\Regex\Replacing\Replacing.csproj", "{2236A297-84E9-4654-9F19-DE5AA48173D7}"
EndProject
Project("{9A19103F-16F7-4668-BE54-9A1E7A4F7556}") = "Challenge", "Exercise Files\Finished\Regex\Challenge\Challenge.csproj", "{90703BD4-30F7-4387-8FC6-2152F6D28472}"
EndProject
Project("{2150E333-8FDC-42A3-9474-1A3956D46DE8}") = "NumbersDates", "NumbersDates", "{A9768C70-2F24-477B-BC2A-60FF5465390B}"
EndProject
Project("{9A19103F-16F7-4668-BE54-9A1E7A4F7556}") = "FormatDates", "Exercise Files\Finished\NumbersDates\FormatDates\FormatDates.csproj", "{1650B663-1303-4563-9354-94CB44D526E2}"
EndProject
Project("{9A19103F-16F7-4668-BE54-9A1E7A4F7556}") = "DateTimeClass", "Exercise Files\Finished\NumbersDates\DateTimeClass\DateTimeClass.csproj", "{22537CC0-9949-4084-BA02-930389E9CAD0}"
EndProject
Project("{9A19103F-16F7-4668-BE54-9A1E7A4F7556}") = "FormatNumbers", "Exercise Files\Finished\NumbersDates\FormatNumbers\FormatNumbers.csproj", "{3D12C95A-E542-4CB8-BA47-4F6060798D25}"
EndProject
Project("{9A19103F-16F7-4668-BE54-9A1E7A4F7556}") = "ParseDates", "Exercise Files\Finished\NumbersDates\ParseDates\ParseDates.csproj", "{9ADE5722-8FEA-4F77-8A7A-552612C989B4}"
EndProject
Project("{9A19103F-16F7-4668-BE54-9A1E7A4F7556}") = "Challenge", "Exercise Files\Finished\NumbersDates\Challenge\Challenge.csproj", "{E1992651-2AA5-46F2-AE6D-B9D5A28E810D}"
EndProject
Project("{9A19103F-16F7-4668-BE54-9A1E7A4F7556}") = "ParseNumbers", "Exercise Files\Finished\NumbersDates\ParseNumbers\ParseNumbers.csproj", "{D75FB1F8-51D3-4333-A361-0BC5EA17364B}"
EndProject
Project("{2150E333-8FDC-42A3-9474-1A3956D46DE8}") = "Files", "Files", "{CBC772AA-5196-412E-B6D3-5C4C1C35A1FF}"
EndProject
Project("{9A19103F-16F7-4668-BE54-9A1E7A4F7556}") = "ReadWriteFiles", "Exercise Files\Finished\Files\ReadWriteFiles\ReadWriteFiles.csproj", "{9E63EAD2-F72F-4AE3-8B12-490E34FF0CB4}"
EndProject
Project("{9A19103F-16F7-4668-BE54-9A1E7A4F7556}") = "FileInfo", "Exercise Files\Finished\Files\FileInfo\FileInfo.csproj", "{6575684B-FABE-4E3D-8316-688D5CD6A8FA}"
EndProject
Project("{9A19103F-16F7-4668-BE54-9A1E7A4F7556}") = "Directories", "Exercise Files\Finished\Files\Directories\Directories.csproj", "{39AE7523-D924-484F-B4B8-285990F5DFA8}"
EndProject
Project("{9A19103F-16F7-4668-BE54-9A1E7A4F7556}") = "CreateFiles", "Exercise Files\Finished\Files\CreateFiles\CreateFiles.csproj", "{8A2326B2-26E0-483F-BF32-928B20C1B1D1}"
EndProject
Project("{9A19103F-16F7-4668-BE54-9A1E7A4F7556}") = "Challenge", "Exercise Files\Finished\Files\Challenge\Challenge.csproj", "{B1526AEA-0F9B-42D2-9FA8-AC27642DFF77}"
EndProject
Project("{2150E333-8FDC-42A3-9474-1A3956D46DE8}") = "Overview", "Overview", "{08F2755C-7C02-4DC5-B30C-0330D3C3C1FF}"
EndProject
Project("{9A19103F-16F7-4668-BE54-9A1E7A4F7556}") = "DataTypes", "Exercise Files\Finished\Overview\DataTypes\DataTypes.csproj", "{1733197B-2D6F-4BE4-82EB-A2F1363B92A5}"
EndProject
Project("{9A19103F-16F7-4668-BE54-9A1E7A4F7556}") = "MyConsoleApp", "Exercise Files\Finished\Overview\MyConsoleApp\MyConsoleApp.csproj", "{B7A73245-7B84-443F-B754-F5D349BBA17D}"
EndProject
Project("{9A19103F-16F7-4668-BE54-9A1E7A4F7556}") = "GarbageCollect", "Exercise Files\Finished\Overview\GarbageCollect\GarbageCollect.csproj", "{FE2F6917-C4FF-41EA-B46D-66BB833988FF}"
EndProject
Project("{2150E333-8FDC-42A3-9474-1A3956D46DE8}") = "Start", "Start", "{04CDBC4E-1E55-4E7C-BF33-D61BE4E0B43F}"
EndProject
Project("{2150E333-8FDC-42A3-9474-1A3956D46DE8}") = "Strings", "Strings", "{EFFF513A-2A76-49B2-B412-0B257FE6E1D7}"
EndProject
Project("{9A19103F-16F7-4668-BE54-9A1E7A4F7556}") = "Manipulation", "Exercise Files\Start\Strings\Manipulation\Manipulation.csproj", "{0E3EFB78-A314-434C-9313-8C1DE73558CB}"
EndProject
Project("{9A19103F-16F7-4668-BE54-9A1E7A4F7556}") = "Searching", "Exercise Files\Start\Strings\Searching\Searching.csproj", "{1939ACC6-28D9-42C1-93EC-034023FE890F}"
EndProject
Project("{9A19103F-16F7-4668-BE54-9A1E7A4F7556}") = "Formatting", "Exercise Files\Start\Strings\Formatting\Formatting.csproj", "{54C98B87-8406-4424-9B92-C635EF170258}"
EndProject
Project("{9A19103F-16F7-4668-BE54-9A1E7A4F7556}") = "Interpolation", "Exercise Files\Start\Strings\Interpolation\Interpolation.csproj", "{85A950E8-F288-40B6-9F7D-945B69C0A41F}"
EndProject
Project("{2150E333-8FDC-42A3-9474-1A3956D46DE8}") = "Regex", "Regex", "{DB799F9C-5BD9-4CF7-9F4C-DF801A7FA8F5}"
EndProject
Project("{9A19103F-16F7-4668-BE54-9A1E7A4F7556}") = "Finding", "Exercise Files\Start\Regex\Finding\Finding.csproj", "{346412DE-753A-493A-A9E0-D2B63561899E}"
EndProject
Project("{9A19103F-16F7-4668-BE54-9A1E7A4F7556}") = "RegexTimeouts", "Exercise Files\Start\Regex\Timeouts\RegexTimeouts.csproj", "{5B6B5C35-FD6C-44C1-BEB6-400B6AC5451B}"
EndProject
Project("{9A19103F-16F7-4668-BE54-9A1E7A4F7556}") = "Replacing", "Exercise Files\Start\Regex\Replacing\Replacing.csproj", "{9400603B-4132-4F6A-8838-5FB925367C45}"
EndProject
Project("{2150E333-8FDC-42A3-9474-1A3956D46DE8}") = "NumbersDates", "NumbersDates", "{5C8F5A0C-E7F0-4502-8D06-9A5731B5F10B}"
EndProject
Project("{9A19103F-16F7-4668-BE54-9A1E7A4F7556}") = "FormatDates", "Exercise Files\Start\NumbersDates\FormatDates\FormatDates.csproj", "{75A6A637-C00B-4554-A4F2-B082E84321BA}"
EndProject
Project("{9A19103F-16F7-4668-BE54-9A1E7A4F7556}") = "DateTimeClass", "Exercise Files\Start\NumbersDates\DateTimeClass\DateTimeClass.csproj", "{8E699649-5548-458A-BC60-17EC7F00DFD0}"
EndProject
Project("{9A19103F-16F7-4668-BE54-9A1E7A4F7556}") = "FormatNumbers", "Exercise Files\Start\NumbersDates\FormatNumbers\FormatNumbers.csproj", "{D1EF1A50-8620-43CF-840F-EBFD9962695C}"
EndProject
Project("{9A19103F-16F7-4668-BE54-9A1E7A4F7556}") = "ParseDates", "Exercise Files\Start\NumbersDates\ParseDates\ParseDates.csproj", "{48E1986E-7769-45B6-92D5-80B5E0B54304}"
EndProject
Project("{9A19103F-16F7-4668-BE54-9A1E7A4F7556}") = "ParseNumbers", "Exercise Files\Start\NumbersDates\ParseNumbers\ParseNumbers.csproj", "{826ADB25-3257-47A6-A149-3E6A42338B33}"
EndProject
Project("{2150E333-8FDC-42A3-9474-1A3956D46DE8}") = "Files", "Files", "{90B44872-F1A1-45E6-9D39-C48307E484E9}"
EndProject
Project("{9A19103F-16F7-4668-BE54-9A1E7A4F7556}") = "ReadWriteFiles", "Exercise Files\Start\Files\ReadWriteFiles\ReadWriteFiles.csproj", "{51E458F9-37E5-4A6E-B367-139995A9DCDE}"
EndProject
Project("{9A19103F-16F7-4668-BE54-9A1E7A4F7556}") = "FileInfo", "Exercise Files\Start\Files\FileInfo\FileInfo.csproj", "{918C7714-9DAB-4DF5-B5F7-863345E7BD39}"
EndProject
Project("{9A19103F-16F7-4668-BE54-9A1E7A4F7556}") = "Directories", "Exercise Files\Start\Files\Directories\Directories.csproj", "{17409511-3523-4EE5-9713-9C9FE766E2D9}"
EndProject
Project("{9A19103F-16F7-4668-BE54-9A1E7A4F7556}") = "CreateFiles", "Exercise Files\Start\Files\CreateFiles\CreateFiles.csproj", "{62361C2D-32C6-4DFB-A618-F58AA16AA013}"
EndProject
Project("{2150E333-8FDC-42A3-9474-1A3956D46DE8}") = "Overview", "Overview", "{6FEAB57B-858B-4F83-BEA7-A569190A3B73}"
EndProject
Project("{9A19103F-16F7-4668-BE54-9A1E7A4F7556}") = "DataTypes", "Exercise Files\Start\Overview\DataTypes\DataTypes.csproj", "{67873D54-457B-4FFB-BEB7-473A84043048}"
EndProject
Project("{9A19103F-16F7-4668-BE54-9A1E7A4F7556}") = "MyConsoleApp", "Exercise Files\Start\Overview\MyConsoleApp\MyConsoleApp.csproj", "{2B169244-C06E-4016-9744-09F2B8CB4804}"
EndProject
Project("{9A19103F-16F7-4668-BE54-9A1E7A4F7556}") = "GarbageCollect", "Exercise Files\Start\Overview\GarbageCollect\GarbageCollect.csproj", "{469462CD-2D5A-49C5-9A25-4539DC24F028}"
EndProject
Global
	GlobalSection(SolutionConfigurationPlatforms) = preSolution
		Debug|Any CPU = Debug|Any CPU
		Release|Any CPU = Release|Any CPU
	EndGlobalSection
	GlobalSection(ProjectConfigurationPlatforms) = postSolution
		{9F2AA267-AA2A-491A-BB4B-9BE2212F8CA1}.Debug|Any CPU.ActiveCfg = Debug|Any CPU
		{9F2AA267-AA2A-491A-BB4B-9BE2212F8CA1}.Debug|Any CPU.Build.0 = Debug|Any CPU
		{9F2AA267-AA2A-491A-BB4B-9BE2212F8CA1}.Release|Any CPU.ActiveCfg = Release|Any CPU
		{9F2AA267-AA2A-491A-BB4B-9BE2212F8CA1}.Release|Any CPU.Build.0 = Release|Any CPU
		{41E3F82D-3B93-4051-ADAE-253AF1A689C1}.Debug|Any CPU.ActiveCfg = Debug|Any CPU
		{41E3F82D-3B93-4051-ADAE-253AF1A689C1}.Debug|Any CPU.Build.0 = Debug|Any CPU
		{41E3F82D-3B93-4051-ADAE-253AF1A689C1}.Release|Any CPU.ActiveCfg = Release|Any CPU
		{41E3F82D-3B93-4051-ADAE-253AF1A689C1}.Release|Any CPU.Build.0 = Release|Any CPU
		{A11CF685-7D65-42F9-9774-90A4AA3B2AD4}.Debug|Any CPU.ActiveCfg = Debug|Any CPU
		{A11CF685-7D65-42F9-9774-90A4AA3B2AD4}.Debug|Any CPU.Build.0 = Debug|Any CPU
		{A11CF685-7D65-42F9-9774-90A4AA3B2AD4}.Release|Any CPU.ActiveCfg = Release|Any CPU
		{A11CF685-7D65-42F9-9774-90A4AA3B2AD4}.Release|Any CPU.Build.0 = Release|Any CPU
		{D88F0E23-31A9-466C-8CE1-B3E4C588C2DA}.Debug|Any CPU.ActiveCfg = Debug|Any CPU
		{D88F0E23-31A9-466C-8CE1-B3E4C588C2DA}.Debug|Any CPU.Build.0 = Debug|Any CPU
		{D88F0E23-31A9-466C-8CE1-B3E4C588C2DA}.Release|Any CPU.ActiveCfg = Release|Any CPU
		{D88F0E23-31A9-466C-8CE1-B3E4C588C2DA}.Release|Any CPU.Build.0 = Release|Any CPU
		{71B2A96A-4123-45DB-B467-A15A8D949066}.Debug|Any CPU.ActiveCfg = Debug|Any CPU
		{71B2A96A-4123-45DB-B467-A15A8D949066}.Debug|Any CPU.Build.0 = Debug|Any CPU
		{71B2A96A-4123-45DB-B467-A15A8D949066}.Release|Any CPU.ActiveCfg = Release|Any CPU
		{71B2A96A-4123-45DB-B467-A15A8D949066}.Release|Any CPU.Build.0 = Release|Any CPU
		{EAD987E0-3BCB-4E53-9FA5-2FE4A5DB7FB4}.Debug|Any CPU.ActiveCfg = Debug|Any CPU
		{EAD987E0-3BCB-4E53-9FA5-2FE4A5DB7FB4}.Debug|Any CPU.Build.0 = Debug|Any CPU
		{EAD987E0-3BCB-4E53-9FA5-2FE4A5DB7FB4}.Release|Any CPU.ActiveCfg = Release|Any CPU
		{EAD987E0-3BCB-4E53-9FA5-2FE4A5DB7FB4}.Release|Any CPU.Build.0 = Release|Any CPU
		{2236A297-84E9-4654-9F19-DE5AA48173D7}.Debug|Any CPU.ActiveCfg = Debug|Any CPU
		{2236A297-84E9-4654-9F19-DE5AA48173D7}.Debug|Any CPU.Build.0 = Debug|Any CPU
		{2236A297-84E9-4654-9F19-DE5AA48173D7}.Release|Any CPU.ActiveCfg = Release|Any CPU
		{2236A297-84E9-4654-9F19-DE5AA48173D7}.Release|Any CPU.Build.0 = Release|Any CPU
		{90703BD4-30F7-4387-8FC6-2152F6D28472}.Debug|Any CPU.ActiveCfg = Debug|Any CPU
		{90703BD4-30F7-4387-8FC6-2152F6D28472}.Debug|Any CPU.Build.0 = Debug|Any CPU
		{90703BD4-30F7-4387-8FC6-2152F6D28472}.Release|Any CPU.ActiveCfg = Release|Any CPU
		{90703BD4-30F7-4387-8FC6-2152F6D28472}.Release|Any CPU.Build.0 = Release|Any CPU
		{1650B663-1303-4563-9354-94CB44D526E2}.Debug|Any CPU.ActiveCfg = Debug|Any CPU
		{1650B663-1303-4563-9354-94CB44D526E2}.Debug|Any CPU.Build.0 = Debug|Any CPU
		{1650B663-1303-4563-9354-94CB44D526E2}.Release|Any CPU.ActiveCfg = Release|Any CPU
		{1650B663-1303-4563-9354-94CB44D526E2}.Release|Any CPU.Build.0 = Release|Any CPU
		{22537CC0-9949-4084-BA02-930389E9CAD0}.Debug|Any CPU.ActiveCfg = Debug|Any CPU
		{22537CC0-9949-4084-BA02-930389E9CAD0}.Debug|Any CPU.Build.0 = Debug|Any CPU
		{22537CC0-9949-4084-BA02-930389E9CAD0}.Release|Any CPU.ActiveCfg = Release|Any CPU
		{22537CC0-9949-4084-BA02-930389E9CAD0}.Release|Any CPU.Build.0 = Release|Any CPU
		{3D12C95A-E542-4CB8-BA47-4F6060798D25}.Debug|Any CPU.ActiveCfg = Debug|Any CPU
		{3D12C95A-E542-4CB8-BA47-4F6060798D25}.Debug|Any CPU.Build.0 = Debug|Any CPU
		{3D12C95A-E542-4CB8-BA47-4F6060798D25}.Release|Any CPU.ActiveCfg = Release|Any CPU
		{3D12C95A-E542-4CB8-BA47-4F6060798D25}.Release|Any CPU.Build.0 = Release|Any CPU
		{9ADE5722-8FEA-4F77-8A7A-552612C989B4}.Debug|Any CPU.ActiveCfg = Debug|Any CPU
		{9ADE5722-8FEA-4F77-8A7A-552612C989B4}.Debug|Any CPU.Build.0 = Debug|Any CPU
		{9ADE5722-8FEA-4F77-8A7A-552612C989B4}.Release|Any CPU.ActiveCfg = Release|Any CPU
		{9ADE5722-8FEA-4F77-8A7A-552612C989B4}.Release|Any CPU.Build.0 = Release|Any CPU
		{E1992651-2AA5-46F2-AE6D-B9D5A28E810D}.Debug|Any CPU.ActiveCfg = Debug|Any CPU
		{E1992651-2AA5-46F2-AE6D-B9D5A28E810D}.Debug|Any CPU.Build.0 = Debug|Any CPU
		{E1992651-2AA5-46F2-AE6D-B9D5A28E810D}.Release|Any CPU.ActiveCfg = Release|Any CPU
		{E1992651-2AA5-46F2-AE6D-B9D5A28E810D}.Release|Any CPU.Build.0 = Release|Any CPU
		{D75FB1F8-51D3-4333-A361-0BC5EA17364B}.Debug|Any CPU.ActiveCfg = Debug|Any CPU
		{D75FB1F8-51D3-4333-A361-0BC5EA17364B}.Debug|Any CPU.Build.0 = Debug|Any CPU
		{D75FB1F8-51D3-4333-A361-0BC5EA17364B}.Release|Any CPU.ActiveCfg = Release|Any CPU
		{D75FB1F8-51D3-4333-A361-0BC5EA17364B}.Release|Any CPU.Build.0 = Release|Any CPU
		{9E63EAD2-F72F-4AE3-8B12-490E34FF0CB4}.Debug|Any CPU.ActiveCfg = Debug|Any CPU
		{9E63EAD2-F72F-4AE3-8B12-490E34FF0CB4}.Debug|Any CPU.Build.0 = Debug|Any CPU
		{9E63EAD2-F72F-4AE3-8B12-490E34FF0CB4}.Release|Any CPU.ActiveCfg = Release|Any CPU
		{9E63EAD2-F72F-4AE3-8B12-490E34FF0CB4}.Release|Any CPU.Build.0 = Release|Any CPU
		{6575684B-FABE-4E3D-8316-688D5CD6A8FA}.Debug|Any CPU.ActiveCfg = Debug|Any CPU
		{6575684B-FABE-4E3D-8316-688D5CD6A8FA}.Debug|Any CPU.Build.0 = Debug|Any CPU
		{6575684B-FABE-4E3D-8316-688D5CD6A8FA}.Release|Any CPU.ActiveCfg = Release|Any CPU
		{6575684B-FABE-4E3D-8316-688D5CD6A8FA}.Release|Any CPU.Build.0 = Release|Any CPU
		{39AE7523-D924-484F-B4B8-285990F5DFA8}.Debug|Any CPU.ActiveCfg = Debug|Any CPU
		{39AE7523-D924-484F-B4B8-285990F5DFA8}.Debug|Any CPU.Build.0 = Debug|Any CPU
		{39AE7523-D924-484F-B4B8-285990F5DFA8}.Release|Any CPU.ActiveCfg = Release|Any CPU
		{39AE7523-D924-484F-B4B8-285990F5DFA8}.Release|Any CPU.Build.0 = Release|Any CPU
		{8A2326B2-26E0-483F-BF32-928B20C1B1D1}.Debug|Any CPU.ActiveCfg = Debug|Any CPU
		{8A2326B2-26E0-483F-BF32-928B20C1B1D1}.Debug|Any CPU.Build.0 = Debug|Any CPU
		{8A2326B2-26E0-483F-BF32-928B20C1B1D1}.Release|Any CPU.ActiveCfg = Release|Any CPU
		{8A2326B2-26E0-483F-BF32-928B20C1B1D1}.Release|Any CPU.Build.0 = Release|Any CPU
		{B1526AEA-0F9B-42D2-9FA8-AC27642DFF77}.Debug|Any CPU.ActiveCfg = Debug|Any CPU
		{B1526AEA-0F9B-42D2-9FA8-AC27642DFF77}.Debug|Any CPU.Build.0 = Debug|Any CPU
		{B1526AEA-0F9B-42D2-9FA8-AC27642DFF77}.Release|Any CPU.ActiveCfg = Release|Any CPU
		{B1526AEA-0F9B-42D2-9FA8-AC27642DFF77}.Release|Any CPU.Build.0 = Release|Any CPU
		{1733197B-2D6F-4BE4-82EB-A2F1363B92A5}.Debug|Any CPU.ActiveCfg = Debug|Any CPU
		{1733197B-2D6F-4BE4-82EB-A2F1363B92A5}.Debug|Any CPU.Build.0 = Debug|Any CPU
		{1733197B-2D6F-4BE4-82EB-A2F1363B92A5}.Release|Any CPU.ActiveCfg = Release|Any CPU
		{1733197B-2D6F-4BE4-82EB-A2F1363B92A5}.Release|Any CPU.Build.0 = Release|Any CPU
		{B7A73245-7B84-443F-B754-F5D349BBA17D}.Debug|Any CPU.ActiveCfg = Debug|Any CPU
		{B7A73245-7B84-443F-B754-F5D349BBA17D}.Debug|Any CPU.Build.0 = Debug|Any CPU
		{B7A73245-7B84-443F-B754-F5D349BBA17D}.Release|Any CPU.ActiveCfg = Release|Any CPU
		{B7A73245-7B84-443F-B754-F5D349BBA17D}.Release|Any CPU.Build.0 = Release|Any CPU
		{FE2F6917-C4FF-41EA-B46D-66BB833988FF}.Debug|Any CPU.ActiveCfg = Debug|Any CPU
		{FE2F6917-C4FF-41EA-B46D-66BB833988FF}.Debug|Any CPU.Build.0 = Debug|Any CPU
		{FE2F6917-C4FF-41EA-B46D-66BB833988FF}.Release|Any CPU.ActiveCfg = Release|Any CPU
		{FE2F6917-C4FF-41EA-B46D-66BB833988FF}.Release|Any CPU.Build.0 = Release|Any CPU
		{0E3EFB78-A314-434C-9313-8C1DE73558CB}.Debug|Any CPU.ActiveCfg = Debug|Any CPU
		{0E3EFB78-A314-434C-9313-8C1DE73558CB}.Debug|Any CPU.Build.0 = Debug|Any CPU
		{0E3EFB78-A314-434C-9313-8C1DE73558CB}.Release|Any CPU.ActiveCfg = Release|Any CPU
		{0E3EFB78-A314-434C-9313-8C1DE73558CB}.Release|Any CPU.Build.0 = Release|Any CPU
		{1939ACC6-28D9-42C1-93EC-034023FE890F}.Debug|Any CPU.ActiveCfg = Debug|Any CPU
		{1939ACC6-28D9-42C1-93EC-034023FE890F}.Debug|Any CPU.Build.0 = Debug|Any CPU
		{1939ACC6-28D9-42C1-93EC-034023FE890F}.Release|Any CPU.ActiveCfg = Release|Any CPU
		{1939ACC6-28D9-42C1-93EC-034023FE890F}.Release|Any CPU.Build.0 = Release|Any CPU
		{54C98B87-8406-4424-9B92-C635EF170258}.Debug|Any CPU.ActiveCfg = Debug|Any CPU
		{54C98B87-8406-4424-9B92-C635EF170258}.Debug|Any CPU.Build.0 = Debug|Any CPU
		{54C98B87-8406-4424-9B92-C635EF170258}.Release|Any CPU.ActiveCfg = Release|Any CPU
		{54C98B87-8406-4424-9B92-C635EF170258}.Release|Any CPU.Build.0 = Release|Any CPU
		{85A950E8-F288-40B6-9F7D-945B69C0A41F}.Debug|Any CPU.ActiveCfg = Debug|Any CPU
		{85A950E8-F288-40B6-9F7D-945B69C0A41F}.Debug|Any CPU.Build.0 = Debug|Any CPU
		{85A950E8-F288-40B6-9F7D-945B69C0A41F}.Release|Any CPU.ActiveCfg = Release|Any CPU
		{85A950E8-F288-40B6-9F7D-945B69C0A41F}.Release|Any CPU.Build.0 = Release|Any CPU
		{346412DE-753A-493A-A9E0-D2B63561899E}.Debug|Any CPU.ActiveCfg = Debug|Any CPU
		{346412DE-753A-493A-A9E0-D2B63561899E}.Debug|Any CPU.Build.0 = Debug|Any CPU
		{346412DE-753A-493A-A9E0-D2B63561899E}.Release|Any CPU.ActiveCfg = Release|Any CPU
		{346412DE-753A-493A-A9E0-D2B63561899E}.Release|Any CPU.Build.0 = Release|Any CPU
		{5B6B5C35-FD6C-44C1-BEB6-400B6AC5451B}.Debug|Any CPU.ActiveCfg = Debug|Any CPU
		{5B6B5C35-FD6C-44C1-BEB6-400B6AC5451B}.Debug|Any CPU.Build.0 = Debug|Any CPU
		{5B6B5C35-FD6C-44C1-BEB6-400B6AC5451B}.Release|Any CPU.ActiveCfg = Release|Any CPU
		{5B6B5C35-FD6C-44C1-BEB6-400B6AC5451B}.Release|Any CPU.Build.0 = Release|Any CPU
		{9400603B-4132-4F6A-8838-5FB925367C45}.Debug|Any CPU.ActiveCfg = Debug|Any CPU
		{9400603B-4132-4F6A-8838-5FB925367C45}.Debug|Any CPU.Build.0 = Debug|Any CPU
		{9400603B-4132-4F6A-8838-5FB925367C45}.Release|Any CPU.ActiveCfg = Release|Any CPU
		{9400603B-4132-4F6A-8838-5FB925367C45}.Release|Any CPU.Build.0 = Release|Any CPU
		{75A6A637-C00B-4554-A4F2-B082E84321BA}.Debug|Any CPU.ActiveCfg = Debug|Any CPU
		{75A6A637-C00B-4554-A4F2-B082E84321BA}.Debug|Any CPU.Build.0 = Debug|Any CPU
		{75A6A637-C00B-4554-A4F2-B082E84321BA}.Release|Any CPU.ActiveCfg = Release|Any CPU
		{75A6A637-C00B-4554-A4F2-B082E84321BA}.Release|Any CPU.Build.0 = Release|Any CPU
		{8E699649-5548-458A-BC60-17EC7F00DFD0}.Debug|Any CPU.ActiveCfg = Debug|Any CPU
		{8E699649-5548-458A-BC60-17EC7F00DFD0}.Debug|Any CPU.Build.0 = Debug|Any CPU
		{8E699649-5548-458A-BC60-17EC7F00DFD0}.Release|Any CPU.ActiveCfg = Release|Any CPU
		{8E699649-5548-458A-BC60-17EC7F00DFD0}.Release|Any CPU.Build.0 = Release|Any CPU
		{D1EF1A50-8620-43CF-840F-EBFD9962695C}.Debug|Any CPU.ActiveCfg = Debug|Any CPU
		{D1EF1A50-8620-43CF-840F-EBFD9962695C}.Debug|Any CPU.Build.0 = Debug|Any CPU
		{D1EF1A50-8620-43CF-840F-EBFD9962695C}.Release|Any CPU.ActiveCfg = Release|Any CPU
		{D1EF1A50-8620-43CF-840F-EBFD9962695C}.Release|Any CPU.Build.0 = Release|Any CPU
		{48E1986E-7769-45B6-92D5-80B5E0B54304}.Debug|Any CPU.ActiveCfg = Debug|Any CPU
		{48E1986E-7769-45B6-92D5-80B5E0B54304}.Debug|Any CPU.Build.0 = Debug|Any CPU
		{48E1986E-7769-45B6-92D5-80B5E0B54304}.Release|Any CPU.ActiveCfg = Release|Any CPU
		{48E1986E-7769-45B6-92D5-80B5E0B54304}.Release|Any CPU.Build.0 = Release|Any CPU
		{826ADB25-3257-47A6-A149-3E6A42338B33}.Debug|Any CPU.ActiveCfg = Debug|Any CPU
		{826ADB25-3257-47A6-A149-3E6A42338B33}.Debug|Any CPU.Build.0 = Debug|Any CPU
		{826ADB25-3257-47A6-A149-3E6A42338B33}.Release|Any CPU.ActiveCfg = Release|Any CPU
		{826ADB25-3257-47A6-A149-3E6A42338B33}.Release|Any CPU.Build.0 = Release|Any CPU
		{51E458F9-37E5-4A6E-B367-139995A9DCDE}.Debug|Any CPU.ActiveCfg = Debug|Any CPU
		{51E458F9-37E5-4A6E-B367-139995A9DCDE}.Debug|Any CPU.Build.0 = Debug|Any CPU
		{51E458F9-37E5-4A6E-B367-139995A9DCDE}.Release|Any CPU.ActiveCfg = Release|Any CPU
		{51E458F9-37E5-4A6E-B367-139995A9DCDE}.Release|Any CPU.Build.0 = Release|Any CPU
		{918C7714-9DAB-4DF5-B5F7-863345E7BD39}.Debug|Any CPU.ActiveCfg = Debug|Any CPU
		{918C7714-9DAB-4DF5-B5F7-863345E7BD39}.Debug|Any CPU.Build.0 = Debug|Any CPU
		{918C7714-9DAB-4DF5-B5F7-863345E7BD39}.Release|Any CPU.ActiveCfg = Release|Any CPU
		{918C7714-9DAB-4DF5-B5F7-863345E7BD39}.Release|Any CPU.Build.0 = Release|Any CPU
		{17409511-3523-4EE5-9713-9C9FE766E2D9}.Debug|Any CPU.ActiveCfg = Debug|Any CPU
		{17409511-3523-4EE5-9713-9C9FE766E2D9}.Debug|Any CPU.Build.0 = Debug|Any CPU
		{17409511-3523-4EE5-9713-9C9FE766E2D9}.Release|Any CPU.ActiveCfg = Release|Any CPU
		{17409511-3523-4EE5-9713-9C9FE766E2D9}.Release|Any CPU.Build.0 = Release|Any CPU
		{62361C2D-32C6-4DFB-A618-F58AA16AA013}.Debug|Any CPU.ActiveCfg = Debug|Any CPU
		{62361C2D-32C6-4DFB-A618-F58AA16AA013}.Debug|Any CPU.Build.0 = Debug|Any CPU
		{62361C2D-32C6-4DFB-A618-F58AA16AA013}.Release|Any CPU.ActiveCfg = Release|Any CPU
		{62361C2D-32C6-4DFB-A618-F58AA16AA013}.Release|Any CPU.Build.0 = Release|Any CPU
		{67873D54-457B-4FFB-BEB7-473A84043048}.Debug|Any CPU.ActiveCfg = Debug|Any CPU
		{67873D54-457B-4FFB-BEB7-473A84043048}.Debug|Any CPU.Build.0 = Debug|Any CPU
		{67873D54-457B-4FFB-BEB7-473A84043048}.Release|Any CPU.ActiveCfg = Release|Any CPU
		{67873D54-457B-4FFB-BEB7-473A84043048}.Release|Any CPU.Build.0 = Release|Any CPU
		{2B169244-C06E-4016-9744-09F2B8CB4804}.Debug|Any CPU.ActiveCfg = Debug|Any CPU
		{2B169244-C06E-4016-9744-09F2B8CB4804}.Debug|Any CPU.Build.0 = Debug|Any CPU
		{2B169244-C06E-4016-9744-09F2B8CB4804}.Release|Any CPU.ActiveCfg = Release|Any CPU
		{2B169244-C06E-4016-9744-09F2B8CB4804}.Release|Any CPU.Build.0 = Release|Any CPU
		{469462CD-2D5A-49C5-9A25-4539DC24F028}.Debug|Any CPU.ActiveCfg = Debug|Any CPU
		{469462CD-2D5A-49C5-9A25-4539DC24F028}.Debug|Any CPU.Build.0 = Debug|Any CPU
		{469462CD-2D5A-49C5-9A25-4539DC24F028}.Release|Any CPU.ActiveCfg = Release|Any CPU
		{469462CD-2D5A-49C5-9A25-4539DC24F028}.Release|Any CPU.Build.0 = Release|Any CPU
	EndGlobalSection
	GlobalSection(SolutionProperties) = preSolution
		HideSolutionNode = FALSE
	EndGlobalSection
	GlobalSection(NestedProjects) = preSolution
		{016FC6CF-A31F-4A06-8C5B-12717C0909D8} = {D5B7E58D-12C3-4113-8E78-1F552012B1BB}
		{835E7953-3119-41D4-A9BF-7981DC50E33B} = {016FC6CF-A31F-4A06-8C5B-12717C0909D8}
		{9F2AA267-AA2A-491A-BB4B-9BE2212F8CA1} = {835E7953-3119-41D4-A9BF-7981DC50E33B}
		{41E3F82D-3B93-4051-ADAE-253AF1A689C1} = {835E7953-3119-41D4-A9BF-7981DC50E33B}
		{A11CF685-7D65-42F9-9774-90A4AA3B2AD4} = {835E7953-3119-41D4-A9BF-7981DC50E33B}
		{D88F0E23-31A9-466C-8CE1-B3E4C588C2DA} = {835E7953-3119-41D4-A9BF-7981DC50E33B}
		{C6A4A0E3-655B-4095-B34E-F5E2D5D7FE49} = {016FC6CF-A31F-4A06-8C5B-12717C0909D8}
		{71B2A96A-4123-45DB-B467-A15A8D949066} = {C6A4A0E3-655B-4095-B34E-F5E2D5D7FE49}
		{EAD987E0-3BCB-4E53-9FA5-2FE4A5DB7FB4} = {C6A4A0E3-655B-4095-B34E-F5E2D5D7FE49}
		{2236A297-84E9-4654-9F19-DE5AA48173D7} = {C6A4A0E3-655B-4095-B34E-F5E2D5D7FE49}
		{90703BD4-30F7-4387-8FC6-2152F6D28472} = {C6A4A0E3-655B-4095-B34E-F5E2D5D7FE49}
		{A9768C70-2F24-477B-BC2A-60FF5465390B} = {016FC6CF-A31F-4A06-8C5B-12717C0909D8}
		{1650B663-1303-4563-9354-94CB44D526E2} = {A9768C70-2F24-477B-BC2A-60FF5465390B}
		{22537CC0-9949-4084-BA02-930389E9CAD0} = {A9768C70-2F24-477B-BC2A-60FF5465390B}
		{3D12C95A-E542-4CB8-BA47-4F6060798D25} = {A9768C70-2F24-477B-BC2A-60FF5465390B}
		{9ADE5722-8FEA-4F77-8A7A-552612C989B4} = {A9768C70-2F24-477B-BC2A-60FF5465390B}
		{E1992651-2AA5-46F2-AE6D-B9D5A28E810D} = {A9768C70-2F24-477B-BC2A-60FF5465390B}
		{D75FB1F8-51D3-4333-A361-0BC5EA17364B} = {A9768C70-2F24-477B-BC2A-60FF5465390B}
		{CBC772AA-5196-412E-B6D3-5C4C1C35A1FF} = {016FC6CF-A31F-4A06-8C5B-12717C0909D8}
		{9E63EAD2-F72F-4AE3-8B12-490E34FF0CB4} = {CBC772AA-5196-412E-B6D3-5C4C1C35A1FF}
		{6575684B-FABE-4E3D-8316-688D5CD6A8FA} = {CBC772AA-5196-412E-B6D3-5C4C1C35A1FF}
		{39AE7523-D924-484F-B4B8-285990F5DFA8} = {CBC772AA-5196-412E-B6D3-5C4C1C35A1FF}
		{8A2326B2-26E0-483F-BF32-928B20C1B1D1} = {CBC772AA-5196-412E-B6D3-5C4C1C35A1FF}
		{B1526AEA-0F9B-42D2-9FA8-AC27642DFF77} = {CBC772AA-5196-412E-B6D3-5C4C1C35A1FF}
		{08F2755C-7C02-4DC5-B30C-0330D3C3C1FF} = {016FC6CF-A31F-4A06-8C5B-12717C0909D8}
		{1733197B-2D6F-4BE4-82EB-A2F1363B92A5} = {08F2755C-7C02-4DC5-B30C-0330D3C3C1FF}
		{B7A73245-7B84-443F-B754-F5D349BBA17D} = {08F2755C-7C02-4DC5-B30C-0330D3C3C1FF}
		{FE2F6917-C4FF-41EA-B46D-66BB833988FF} = {08F2755C-7C02-4DC5-B30C-0330D3C3C1FF}
		{04CDBC4E-1E55-4E7C-BF33-D61BE4E0B43F} = {D5B7E58D-12C3-4113-8E78-1F552012B1BB}
		{EFFF513A-2A76-49B2-B412-0B257FE6E1D7} = {04CDBC4E-1E55-4E7C-BF33-D61BE4E0B43F}
		{0E3EFB78-A314-434C-9313-8C1DE73558CB} = {EFFF513A-2A76-49B2-B412-0B257FE6E1D7}
		{1939ACC6-28D9-42C1-93EC-034023FE890F} = {EFFF513A-2A76-49B2-B412-0B257FE6E1D7}
		{54C98B87-8406-4424-9B92-C635EF170258} = {EFFF513A-2A76-49B2-B412-0B257FE6E1D7}
		{85A950E8-F288-40B6-9F7D-945B69C0A41F} = {EFFF513A-2A76-49B2-B412-0B257FE6E1D7}
		{DB799F9C-5BD9-4CF7-9F4C-DF801A7FA8F5} = {04CDBC4E-1E55-4E7C-BF33-D61BE4E0B43F}
		{346412DE-753A-493A-A9E0-D2B63561899E} = {DB799F9C-5BD9-4CF7-9F4C-DF801A7FA8F5}
		{5B6B5C35-FD6C-44C1-BEB6-400B6AC5451B} = {DB799F9C-5BD9-4CF7-9F4C-DF801A7FA8F5}
		{9400603B-4132-4F6A-8838-5FB925367C45} = {DB799F9C-5BD9-4CF7-9F4C-DF801A7FA8F5}
		{5C8F5A0C-E7F0-4502-8D06-9A5731B5F10B} = {04CDBC4E-1E55-4E7C-BF33-D61BE4E0B43F}
		{75A6A637-C00B-4554-A4F2-B082E84321BA} = {5C8F5A0C-E7F0-4502-8D06-9A5731B5F10B}
		{8E699649-5548-458A-BC60-17EC7F00DFD0} = {5C8F5A0C-E7F0-4502-8D06-9A5731B5F10B}
		{D1EF1A50-8620-43CF-840F-EBFD9962695C} = {5C8F5A0C-E7F0-4502-8D06-9A5731B5F10B}
		{48E1986E-7769-45B6-92D5-80B5E0B54304} = {5C8F5A0C-E7F0-4502-8D06-9A5731B5F10B}
		{826ADB25-3257-47A6-A149-3E6A42338B33} = {5C8F5A0C-E7F0-4502-8D06-9A5731B5F10B}
		{90B44872-F1A1-45E6-9D39-C48307E484E9} = {04CDBC4E-1E55-4E7C-BF33-D61BE4E0B43F}
		{51E458F9-37E5-4A6E-B367-139995A9DCDE} = {90B44872-F1A1-45E6-9D39-C48307E484E9}
		{918C7714-9DAB-4DF5-B5F7-863345E7BD39} = {90B44872-F1A1-45E6-9D39-C48307E484E9}
		{17409511-3523-4EE5-9713-9C9FE766E2D9} = {90B44872-F1A1-45E6-9D39-C48307E484E9}
		{62361C2D-32C6-4DFB-A618-F58AA16AA013} = {90B44872-F1A1-45E6-9D39-C48307E484E9}
		{6FEAB57B-858B-4F83-BEA7-A569190A3B73} = {04CDBC4E-1E55-4E7C-BF33-D61BE4E0B43F}
		{67873D54-457B-4FFB-BEB7-473A84043048} = {6FEAB57B-858B-4F83-BEA7-A569190A3B73}
		{2B169244-C06E-4016-9744-09F2B8CB4804} = {6FEAB57B-858B-4F83-BEA7-A569190A3B73}
		{469462CD-2D5A-49C5-9A25-4539DC24F028} = {6FEAB57B-858B-4F83-BEA7-A569190A3B73}
	EndGlobalSection
	GlobalSection(ExtensibilityGlobals) = postSolution
		SolutionGuid = {AC3CF7E3-56C9-4035-A3D3-EF8D8EADB2AF}
	EndGlobalSection
EndGlobal
